# This file is autogenerated, do not edit; changes may be undone by the next 'dep ensure'.


[[projects]]
  name = "github.com/davecgh/go-spew"
  packages = ["spew"]
  revision = "346938d642f2ec3594ed81d874461961cd0faa76"
  version = "v1.1.0"

[[projects]]
  name = "github.com/pmezard/go-difflib"
  packages = ["difflib"]
  revision = "792786c7400a136282c1664665ae0a8db921c6c2"
  version = "v1.0.0"

[[projects]]
  name = "github.com/stretchr/testify"
  packages = ["assert"]
  revision = "f35b8ab0b5a2cef36673838d662e249dd9c94686"
  version = "v1.2.2"

[[projects]]
  branch = "v1"
  name = "gopkg.in/jarcoal/httpmock.v1"
  packages = ["."]
  revision = "16f9a43967d613f0adc2000f0094a17b9f6c4c20"

[solve-meta]
  analyzer-name = "dep"
  analyzer-version = 1
  inputs-digest = "fecc1b7fc7444a8635d9b62e043553b4fd2182ed1922b03acd93a0cec3eaa21c"
  solver-name = "gps-cdcl"
  solver-version = 1
